
Microsoft Visual Studio Solution File, Format Version 12.00
# Visual Studio Version 17
VisualStudioVersion = 17.0.31903.59
MinimumVisualStudioVersion = 10.0.40219.1
Project("{2150E333-8FDC-42A3-9474-1A3956D46DE8}") = "src", "src", "{02EA681E-C7D8-13C7-8484-4AC65E1B71E8}"
EndProject
Project("{2150E333-8FDC-42A3-9474-1A3956D46DE8}") = "core", "core", "{9F21E098-3E8F-48E0-AF08-81FBAE8EEDCA}"
EndProject
Project("{FAE04EC0-301F-11D3-BF4B-00C04F79EFBC}") = "Novalab.Master.Core", "src\Novalab.Master\Novalab.Master.Core\Novalab.Master.Core.csproj", "{E23398A0-ED25-03B4-1ED4-FB20904CAD76}"
EndProject
Project("{2150E333-8FDC-42A3-9474-1A3956D46DE8}") = "master", "master", "{91E2D149-FBFC-4B06-BAE6-99FEA1E08724}"
EndProject
Project("{2150E333-8FDC-42A3-9474-1A3956D46DE8}") = "plugins", "plugins", "{CA83B261-CD81-4835-A148-DF34A15404C6}"
EndProject
Project("{2150E333-8FDC-42A3-9474-1A3956D46DE8}") = "filament-storage", "filament-storage", "{2BCEB72C-1C51-4D28-952F-F40A27D225D1}"
EndProject
Project("{FAE04EC0-301F-11D3-BF4B-00C04F79EFBC}") = "Novalab.Master.Register", "src\Novalab.Master\Novalab.Master.Register\Novalab.Master.Register.csproj", "{10F23D8E-A3BB-513F-0ADC-CD8967AE529B}"
EndProject
Project("{FAE04EC0-301F-11D3-BF4B-00C04F79EFBC}") = "Novalab.Master.DockerProxy", "src\Novalab.Master\Novalab.Master.DockerProxy\Novalab.Master.DockerProxy.csproj", "{F1811FDA-8D70-4BB2-8156-F2AFF77FBAF2}"
EndProject
Project("{FAE04EC0-301F-11D3-BF4B-00C04F79EFBC}") = "Novalab.Master.Host", "src\Novalab.Master\Novalab.Master.Host\Novalab.Master.Host.csproj", "{D5E86AEB-D39E-4009-B5A5-6C5056A66214}"
EndProject
Project("{2150E333-8FDC-42A3-9474-1A3956D46DE8}") = "showroom", "showroom", "{EFB51B66-AA65-4A90-B128-6D0BDAEFD4AE}"
EndProject
Global
	GlobalSection(SolutionConfigurationPlatforms) = preSolution
		Debug|Any CPU = Debug|Any CPU
		Release|Any CPU = Release|Any CPU
	EndGlobalSection
	GlobalSection(ProjectConfigurationPlatforms) = postSolution
		{E23398A0-ED25-03B4-1ED4-FB20904CAD76}.Debug|Any CPU.ActiveCfg = Debug|Any CPU
		{E23398A0-ED25-03B4-1ED4-FB20904CAD76}.Debug|Any CPU.Build.0 = Debug|Any CPU
		{E23398A0-ED25-03B4-1ED4-FB20904CAD76}.Release|Any CPU.ActiveCfg = Release|Any CPU
		{E23398A0-ED25-03B4-1ED4-FB20904CAD76}.Release|Any CPU.Build.0 = Release|Any CPU
		{10F23D8E-A3BB-513F-0ADC-CD8967AE529B}.Debug|Any CPU.ActiveCfg = Debug|Any CPU
		{10F23D8E-A3BB-513F-0ADC-CD8967AE529B}.Debug|Any CPU.Build.0 = Debug|Any CPU
		{10F23D8E-A3BB-513F-0ADC-CD8967AE529B}.Release|Any CPU.ActiveCfg = Release|Any CPU
		{10F23D8E-A3BB-513F-0ADC-CD8967AE529B}.Release|Any CPU.Build.0 = Release|Any CPU
		{F1811FDA-8D70-4BB2-8156-F2AFF77FBAF2}.Debug|Any CPU.ActiveCfg = Debug|Any CPU
		{F1811FDA-8D70-4BB2-8156-F2AFF77FBAF2}.Debug|Any CPU.Build.0 = Debug|Any CPU
		{F1811FDA-8D70-4BB2-8156-F2AFF77FBAF2}.Release|Any CPU.ActiveCfg = Release|Any CPU
		{F1811FDA-8D70-4BB2-8156-F2AFF77FBAF2}.Release|Any CPU.Build.0 = Release|Any CPU
		{D5E86AEB-D39E-4009-B5A5-6C5056A66214}.Debug|Any CPU.ActiveCfg = Debug|Any CPU
		{D5E86AEB-D39E-4009-B5A5-6C5056A66214}.Debug|Any CPU.Build.0 = Debug|Any CPU
		{D5E86AEB-D39E-4009-B5A5-6C5056A66214}.Release|Any CPU.ActiveCfg = Release|Any CPU
		{D5E86AEB-D39E-4009-B5A5-6C5056A66214}.Release|Any CPU.Build.0 = Release|Any CPU
	EndGlobalSection
	GlobalSection(SolutionProperties) = preSolution
		HideSolutionNode = FALSE
	EndGlobalSection
	GlobalSection(NestedProjects) = preSolution
		{9F21E098-3E8F-48E0-AF08-81FBAE8EEDCA} = {91E2D149-FBFC-4B06-BAE6-99FEA1E08724}
		{E23398A0-ED25-03B4-1ED4-FB20904CAD76} = {9F21E098-3E8F-48E0-AF08-81FBAE8EEDCA}
		{91E2D149-FBFC-4B06-BAE6-99FEA1E08724} = {02EA681E-C7D8-13C7-8484-4AC65E1B71E8}
		{CA83B261-CD81-4835-A148-DF34A15404C6} = {02EA681E-C7D8-13C7-8484-4AC65E1B71E8}
		{2BCEB72C-1C51-4D28-952F-F40A27D225D1} = {CA83B261-CD81-4835-A148-DF34A15404C6}
		{10F23D8E-A3BB-513F-0ADC-CD8967AE529B} = {9F21E098-3E8F-48E0-AF08-81FBAE8EEDCA}
		{F1811FDA-8D70-4BB2-8156-F2AFF77FBAF2} = {9F21E098-3E8F-48E0-AF08-81FBAE8EEDCA}
		{D5E86AEB-D39E-4009-B5A5-6C5056A66214} = {91E2D149-FBFC-4B06-BAE6-99FEA1E08724}
		{EFB51B66-AA65-4A90-B128-6D0BDAEFD4AE} = {CA83B261-CD81-4835-A148-DF34A15404C6}
	EndGlobalSection
	GlobalSection(ExtensibilityGlobals) = postSolution
		SolutionGuid = {45DAEEBF-3A4A-46B0-AA7A-001630E92171}
	EndGlobalSection
EndGlobal
